
Microsoft Visual Studio Solution File, Format Version 12.00
# Visual Studio Version 17
VisualStudioVersion = 17.9.34607.119
MinimumVisualStudioVersion = 10.0.40219.1
Project("{9A19103F-16F7-4668-BE54-9A1E7A4F7556}") = "Corkedfever.Jobs.Service", "Corkedfever.Jobs.Service.csproj", "{BF2587BF-0F42-4949-BF2B-3A3758685049}"
EndProject
Project("{2150E333-8FDC-42A3-9474-1A3956D46DE8}") = "Service", "Service", "{72550B7B-A5BD-4C4B-89EE-85D70E54A11E}"
EndProject
Project("{2150E333-8FDC-42A3-9474-1A3956D46DE8}") = "Testing", "Testing", "{5E2545E9-64E6-4798-9408-0400A54A65FD}"
EndProject
Project("{2150E333-8FDC-42A3-9474-1A3956D46DE8}") = "Client", "Client", "{2F9D7197-41F1-4510-8F92-F8FB723B8EDA}"
EndProject
Project("{9A19103F-16F7-4668-BE54-9A1E7A4F7556}") = "Corkedfever.Client.Jobs", "..\Corkedfever.Client.Jobs\Corkedfever.Client.Jobs.csproj", "{C3C64719-2002-4D4B-95E3-09183CA81988}"
EndProject
Project("{9A19103F-16F7-4668-BE54-9A1E7A4F7556}") = "Corkedfever.Jobs.Business", "..\Corkedfever.Jobs.Business\Corkedfever.Jobs.Business.csproj", "{D6B86B4D-5BBC-4A27-9C4B-E75C1FCD1A15}"
EndProject
Project("{9A19103F-16F7-4668-BE54-9A1E7A4F7556}") = "Corkedfever.Jobs.Data", "..\Corkedfever.Jobs.Data\Corkedfever.Jobs.Data.csproj", "{4B3195D6-954E-4F05-8EF2-4984835226A2}"
EndProject
Global
	GlobalSection(SolutionConfigurationPlatforms) = preSolution
		Debug|Any CPU = Debug|Any CPU
		Release|Any CPU = Release|Any CPU
	EndGlobalSection
	GlobalSection(ProjectConfigurationPlatforms) = postSolution
		{BF2587BF-0F42-4949-BF2B-3A3758685049}.Debug|Any CPU.ActiveCfg = Debug|Any CPU
		{BF2587BF-0F42-4949-BF2B-3A3758685049}.Debug|Any CPU.Build.0 = Debug|Any CPU
		{BF2587BF-0F42-4949-BF2B-3A3758685049}.Release|Any CPU.ActiveCfg = Release|Any CPU
		{BF2587BF-0F42-4949-BF2B-3A3758685049}.Release|Any CPU.Build.0 = Release|Any CPU
		{C3C64719-2002-4D4B-95E3-09183CA81988}.Debug|Any CPU.ActiveCfg = Debug|Any CPU
		{C3C64719-2002-4D4B-95E3-09183CA81988}.Debug|Any CPU.Build.0 = Debug|Any CPU
		{C3C64719-2002-4D4B-95E3-09183CA81988}.Release|Any CPU.ActiveCfg = Release|Any CPU
		{C3C64719-2002-4D4B-95E3-09183CA81988}.Release|Any CPU.Build.0 = Release|Any CPU
		{D6B86B4D-5BBC-4A27-9C4B-E75C1FCD1A15}.Debug|Any CPU.ActiveCfg = Debug|Any CPU
		{D6B86B4D-5BBC-4A27-9C4B-E75C1FCD1A15}.Debug|Any CPU.Build.0 = Debug|Any CPU
		{D6B86B4D-5BBC-4A27-9C4B-E75C1FCD1A15}.Release|Any CPU.ActiveCfg = Release|Any CPU
		{D6B86B4D-5BBC-4A27-9C4B-E75C1FCD1A15}.Release|Any CPU.Build.0 = Release|Any CPU
		{4B3195D6-954E-4F05-8EF2-4984835226A2}.Debug|Any CPU.ActiveCfg = Debug|Any CPU
		{4B3195D6-954E-4F05-8EF2-4984835226A2}.Debug|Any CPU.Build.0 = Debug|Any CPU
		{4B3195D6-954E-4F05-8EF2-4984835226A2}.Release|Any CPU.ActiveCfg = Release|Any CPU
		{4B3195D6-954E-4F05-8EF2-4984835226A2}.Release|Any CPU.Build.0 = Release|Any CPU
	EndGlobalSection
	GlobalSection(SolutionProperties) = preSolution
		HideSolutionNode = FALSE
	EndGlobalSection
	GlobalSection(NestedProjects) = preSolution
		{BF2587BF-0F42-4949-BF2B-3A3758685049} = {72550B7B-A5BD-4C4B-89EE-85D70E54A11E}
		{C3C64719-2002-4D4B-95E3-09183CA81988} = {2F9D7197-41F1-4510-8F92-F8FB723B8EDA}
		{D6B86B4D-5BBC-4A27-9C4B-E75C1FCD1A15} = {72550B7B-A5BD-4C4B-89EE-85D70E54A11E}
		{4B3195D6-954E-4F05-8EF2-4984835226A2} = {72550B7B-A5BD-4C4B-89EE-85D70E54A11E}
	EndGlobalSection
	GlobalSection(ExtensibilityGlobals) = postSolution
		SolutionGuid = {4501A86C-C49F-4977-A573-7F478511EEF6}
	EndGlobalSection
EndGlobal
